properties:
  id:
    description: Spot ID of the user
    type: string
  isGroup:
    description: If the user is present in any group
    type: boolean
  isOwner:
    description: If the user is owner of that workspace
    type: boolean
  name:
    description: Name of user
    type: string
  permissions:
    description: List of permissions for that workspace
    items:
      type: string
    type: array
type: object
