post:
  summary: Instance Unlock
  description: |
    Remove the termination protection from specific instance
  operationId: awsElastigroupInstanceUnlock
  tags:
    - Elastigroup AWS
  parameters:
    - $ref: ../components/parameters/instanceId.yaml
    - $ref: ../components/parameters/accountId.yaml
  responses:
    '200':
      $ref: ../components/responses/instance-unlock.yaml
    '400':
      description: Bad Request
