post:
  summary: Lock Instance
  description: |
    Set termination protection for a specific instance.
  operationId: elastigroupGcpLockInstance
  tags:
    - Elastigroup GCP
  parameters:
    - $ref: ../components/parameters/accountId.yaml
    - $ref: ../components/parameters/instanceId-2.yaml
    - $ref: ../components/parameters/ttlInMinutes.yaml
  responses:
    '200':
      $ref: ../components/responses/responseWrapper.yaml
    '400':
      description: Bad Request
