post:
  summary: Unlock Instance
  description: |
    Remove termination protection for a specific instance.
  operationId: elastigroupGcpUnlockInstance
  tags:
    - Elastigroup GCP
  parameters:
    - $ref: ../components/parameters/accountId.yaml
    - $ref: ../components/parameters/instanceId-2.yaml
  responses:
    '200':
      $ref: ../components/responses/responseWrapper.yaml
    '400':
      description: Bad Request
