post:
  summary: "AWS Elastigroup - Instance Lock"
  description: >
    Set termination protection for specific instance
  operationId: "awsElastigroupInstanceLock"
  tags:
    - "Elastigroup AWS"
  parameters:
    - $ref: "../../aws/parameters/instanceId.yaml"
    - $ref: "../../../../commons/parameters/accountId.yaml"
    - in: "query"
      name: "ttl"
      example: "23"
      description: >
        Specify a TTL (in minutes) for this lock, meaning, for how long the protection will be valid for
      schema:
        type: "string"
      required: false
  responses:
    200:
      $ref: "../../../../commons/responses/spotinstResponseWrapper.yaml"
    400:
      description: "Bad Request"

