post:
  summary: "Elastigroup GCP - Unlock Instance"
  description: >
    Remove termination protection for a specific instance.
  operationId: "elastigroupGcpUnlockInstance"
  tags:
    - Elastigroup GCP
  parameters:
    - $ref: "../../../../commons/parameters/accountId.yaml"
    - $ref: "../parameters/instanceId.yaml"
  responses:
    200:
      $ref: "../../../../commons/responses/spotinstResponseWrapper.yaml"
    400:
      description: "Bad Request"